
Microsoft Visual Studio Solution File, Format Version 12.00
Project("{FAE04EC0-301F-11D3-BF4B-00C04F79EFBC}") = "BarebonesAPI", "BarebonesAPI\BarebonesAPI.csproj", "{A750FFA2-B724-4383-879B-FA8BF5A7CCA7}"
EndProject
Project("{FAE04EC0-301F-11D3-BF4B-00C04F79EFBC}") = "BarebonesAPI.Tests", "BarebonesAPI.Tests\BarebonesAPI.Tests.csproj", "{5320E4C4-C717-4CF2-9AF1-618E07F6B983}"
EndProject
Global
	GlobalSection(SolutionConfigurationPlatforms) = preSolution
		Debug|Any CPU = Debug|Any CPU
		Release|Any CPU = Release|Any CPU
	EndGlobalSection
	GlobalSection(ProjectConfigurationPlatforms) = postSolution
		{A750FFA2-B724-4383-879B-FA8BF5A7CCA7}.Debug|Any CPU.ActiveCfg = Debug|Any CPU
		{A750FFA2-B724-4383-879B-FA8BF5A7CCA7}.Debug|Any CPU.Build.0 = Debug|Any CPU
		{A750FFA2-B724-4383-879B-FA8BF5A7CCA7}.Release|Any CPU.ActiveCfg = Release|Any CPU
		{A750FFA2-B724-4383-879B-FA8BF5A7CCA7}.Release|Any CPU.Build.0 = Release|Any CPU
		{5320E4C4-C717-4CF2-9AF1-618E07F6B983}.Debug|Any CPU.ActiveCfg = Debug|Any CPU
		{5320E4C4-C717-4CF2-9AF1-618E07F6B983}.Debug|Any CPU.Build.0 = Debug|Any CPU
		{5320E4C4-C717-4CF2-9AF1-618E07F6B983}.Release|Any CPU.ActiveCfg = Release|Any CPU
		{5320E4C4-C717-4CF2-9AF1-618E07F6B983}.Release|Any CPU.Build.0 = Release|Any CPU
	EndGlobalSection
EndGlobal
